
Microsoft Visual Studio Solution File, Format Version 12.00
# Visual Studio Version 16
VisualStudioVersion = 16.0.30225.117
MinimumVisualStudioVersion = 10.0.40219.1
Project("{FAE04EC0-301F-11D3-BF4B-00C04F79EFBC}") = "Appp.Android", "Appp.Android\Appp.Android.csproj", "{04B26E5B-65D4-44EA-868F-5B9B924D615A}"
EndProject
Project("{FAE04EC0-301F-11D3-BF4B-00C04F79EFBC}") = "Appp.iOS", "Appp.iOS\Appp.iOS.csproj", "{FB56A2AF-EB3E-47B5-B0BB-E41E2AE6C8E1}"
EndProject
Project("{9A19103F-16F7-4668-BE54-9A1E7A4F7556}") = "Appp", "Appp\Appp.csproj", "{447EEA45-6BD6-45B8-8DB6-4ABFFE9CA5C8}"
EndProject
Project("{2150E333-8FDC-42A3-9474-1A3956D46DE8}") = "Solution Items", "Solution Items", "{D7489C5C-8DC8-4DE3-976A-15625CFD979C}"
	ProjectSection(SolutionItems) = preProject
		FodyWeavers.xml = FodyWeavers.xml
	EndProjectSection
EndProject
Global
	GlobalSection(SolutionConfigurationPlatforms) = preSolution
		Debug|Any CPU = Debug|Any CPU
		Debug|iPhone = Debug|iPhone
		Debug|iPhoneSimulator = Debug|iPhoneSimulator
		Release|Any CPU = Release|Any CPU
		Release|iPhone = Release|iPhone
		Release|iPhoneSimulator = Release|iPhoneSimulator
	EndGlobalSection
	GlobalSection(ProjectConfigurationPlatforms) = postSolution
		{04B26E5B-65D4-44EA-868F-5B9B924D615A}.Debug|Any CPU.ActiveCfg = Debug|Any CPU
		{04B26E5B-65D4-44EA-868F-5B9B924D615A}.Debug|Any CPU.Build.0 = Debug|Any CPU
		{04B26E5B-65D4-44EA-868F-5B9B924D615A}.Debug|Any CPU.Deploy.0 = Debug|Any CPU
		{04B26E5B-65D4-44EA-868F-5B9B924D615A}.Debug|iPhone.ActiveCfg = Debug|Any CPU
		{04B26E5B-65D4-44EA-868F-5B9B924D615A}.Debug|iPhone.Build.0 = Debug|Any CPU
		{04B26E5B-65D4-44EA-868F-5B9B924D615A}.Debug|iPhone.Deploy.0 = Debug|Any CPU
		{04B26E5B-65D4-44EA-868F-5B9B924D615A}.Debug|iPhoneSimulator.ActiveCfg = Debug|Any CPU
		{04B26E5B-65D4-44EA-868F-5B9B924D615A}.Debug|iPhoneSimulator.Build.0 = Debug|Any CPU
		{04B26E5B-65D4-44EA-868F-5B9B924D615A}.Debug|iPhoneSimulator.Deploy.0 = Debug|Any CPU
		{04B26E5B-65D4-44EA-868F-5B9B924D615A}.Release|Any CPU.ActiveCfg = Release|Any CPU
		{04B26E5B-65D4-44EA-868F-5B9B924D615A}.Release|Any CPU.Build.0 = Release|Any CPU
		{04B26E5B-65D4-44EA-868F-5B9B924D615A}.Release|Any CPU.Deploy.0 = Release|Any CPU
		{04B26E5B-65D4-44EA-868F-5B9B924D615A}.Release|iPhone.ActiveCfg = Release|Any CPU
		{04B26E5B-65D4-44EA-868F-5B9B924D615A}.Release|iPhone.Build.0 = Release|Any CPU
		{04B26E5B-65D4-44EA-868F-5B9B924D615A}.Release|iPhone.Deploy.0 = Release|Any CPU
		{04B26E5B-65D4-44EA-868F-5B9B924D615A}.Release|iPhoneSimulator.ActiveCfg = Release|Any CPU
		{04B26E5B-65D4-44EA-868F-5B9B924D615A}.Release|iPhoneSimulator.Build.0 = Release|Any CPU
		{04B26E5B-65D4-44EA-868F-5B9B924D615A}.Release|iPhoneSimulator.Deploy.0 = Release|Any CPU
		{FB56A2AF-EB3E-47B5-B0BB-E41E2AE6C8E1}.Debug|Any CPU.ActiveCfg = Debug|iPhone
		{FB56A2AF-EB3E-47B5-B0BB-E41E2AE6C8E1}.Debug|Any CPU.Build.0 = Debug|iPhone
		{FB56A2AF-EB3E-47B5-B0BB-E41E2AE6C8E1}.Debug|Any CPU.Deploy.0 = Debug|iPhone
		{FB56A2AF-EB3E-47B5-B0BB-E41E2AE6C8E1}.Debug|iPhone.ActiveCfg = Debug|iPhone
		{FB56A2AF-EB3E-47B5-B0BB-E41E2AE6C8E1}.Debug|iPhone.Build.0 = Debug|iPhone
		{FB56A2AF-EB3E-47B5-B0BB-E41E2AE6C8E1}.Debug|iPhone.Deploy.0 = Debug|iPhone
		{FB56A2AF-EB3E-47B5-B0BB-E41E2AE6C8E1}.Debug|iPhoneSimulator.ActiveCfg = Debug|iPhoneSimulator
		{FB56A2AF-EB3E-47B5-B0BB-E41E2AE6C8E1}.Debug|iPhoneSimulator.Build.0 = Debug|iPhoneSimulator
		{FB56A2AF-EB3E-47B5-B0BB-E41E2AE6C8E1}.Debug|iPhoneSimulator.Deploy.0 = Debug|iPhoneSimulator
		{FB56A2AF-EB3E-47B5-B0BB-E41E2AE6C8E1}.Release|Any CPU.ActiveCfg = Release|iPhone
		{FB56A2AF-EB3E-47B5-B0BB-E41E2AE6C8E1}.Release|Any CPU.Build.0 = Release|iPhone
		{FB56A2AF-EB3E-47B5-B0BB-E41E2AE6C8E1}.Release|Any CPU.Deploy.0 = Release|iPhone
		{FB56A2AF-EB3E-47B5-B0BB-E41E2AE6C8E1}.Release|iPhone.ActiveCfg = Release|iPhone
		{FB56A2AF-EB3E-47B5-B0BB-E41E2AE6C8E1}.Release|iPhone.Build.0 = Release|iPhone
		{FB56A2AF-EB3E-47B5-B0BB-E41E2AE6C8E1}.Release|iPhone.Deploy.0 = Release|iPhone
		{FB56A2AF-EB3E-47B5-B0BB-E41E2AE6C8E1}.Release|iPhoneSimulator.ActiveCfg = Release|iPhoneSimulator
		{FB56A2AF-EB3E-47B5-B0BB-E41E2AE6C8E1}.Release|iPhoneSimulator.Build.0 = Release|iPhoneSimulator
		{FB56A2AF-EB3E-47B5-B0BB-E41E2AE6C8E1}.Release|iPhoneSimulator.Deploy.0 = Release|iPhoneSimulator
		{447EEA45-6BD6-45B8-8DB6-4ABFFE9CA5C8}.Debug|Any CPU.ActiveCfg = Debug|Any CPU
		{447EEA45-6BD6-45B8-8DB6-4ABFFE9CA5C8}.Debug|Any CPU.Build.0 = Debug|Any CPU
		{447EEA45-6BD6-45B8-8DB6-4ABFFE9CA5C8}.Debug|Any CPU.Deploy.0 = Debug|Any CPU
		{447EEA45-6BD6-45B8-8DB6-4ABFFE9CA5C8}.Debug|iPhone.ActiveCfg = Debug|Any CPU
		{447EEA45-6BD6-45B8-8DB6-4ABFFE9CA5C8}.Debug|iPhone.Build.0 = Debug|Any CPU
		{447EEA45-6BD6-45B8-8DB6-4ABFFE9CA5C8}.Debug|iPhone.Deploy.0 = Debug|Any CPU
		{447EEA45-6BD6-45B8-8DB6-4ABFFE9CA5C8}.Debug|iPhoneSimulator.ActiveCfg = Debug|Any CPU
		{447EEA45-6BD6-45B8-8DB6-4ABFFE9CA5C8}.Debug|iPhoneSimulator.Build.0 = Debug|Any CPU
		{447EEA45-6BD6-45B8-8DB6-4ABFFE9CA5C8}.Debug|iPhoneSimulator.Deploy.0 = Debug|Any CPU
		{447EEA45-6BD6-45B8-8DB6-4ABFFE9CA5C8}.Release|Any CPU.ActiveCfg = Release|Any CPU
		{447EEA45-6BD6-45B8-8DB6-4ABFFE9CA5C8}.Release|Any CPU.Build.0 = Release|Any CPU
		{447EEA45-6BD6-45B8-8DB6-4ABFFE9CA5C8}.Release|Any CPU.Deploy.0 = Release|Any CPU
		{447EEA45-6BD6-45B8-8DB6-4ABFFE9CA5C8}.Release|iPhone.ActiveCfg = Release|Any CPU
		{447EEA45-6BD6-45B8-8DB6-4ABFFE9CA5C8}.Release|iPhone.Build.0 = Release|Any CPU
		{447EEA45-6BD6-45B8-8DB6-4ABFFE9CA5C8}.Release|iPhone.Deploy.0 = Release|Any CPU
		{447EEA45-6BD6-45B8-8DB6-4ABFFE9CA5C8}.Release|iPhoneSimulator.ActiveCfg = Release|Any CPU
		{447EEA45-6BD6-45B8-8DB6-4ABFFE9CA5C8}.Release|iPhoneSimulator.Build.0 = Release|Any CPU
		{447EEA45-6BD6-45B8-8DB6-4ABFFE9CA5C8}.Release|iPhoneSimulator.Deploy.0 = Release|Any CPU
	EndGlobalSection
	GlobalSection(SolutionProperties) = preSolution
		HideSolutionNode = FALSE
	EndGlobalSection
	GlobalSection(ExtensibilityGlobals) = postSolution
		SolutionGuid = {20AA4D9C-0CAC-4C16-AF7E-8841A5D890DE}
	EndGlobalSection
EndGlobal
